
Microsoft Visual Studio Solution File, Format Version 12.00
# Visual Studio Version 17
VisualStudioVersion = 17.0.31903.59
MinimumVisualStudioVersion = 10.0.40219.1
Project("{FAE04EC0-301F-11D3-BF4B-00C04F79EFBC}") = "MesVaurant.Client", "MesVaurant.Client\MesVaurant.Client.csproj", "{DD004C3E-B38A-41FB-B057-53841013B03A}"
EndProject
Project("{FAE04EC0-301F-11D3-BF4B-00C04F79EFBC}") = "MesVaurant.Api", "MesVaurant.Api\MesVaurant.Api.csproj", "{B391ABA9-6ACE-40A2-A006-C8240799561F}"
EndProject
Project("{FAE04EC0-301F-11D3-BF4B-00C04F79EFBC}") = "MesVaurant.Domain", "MesVaurant.Domain\MesVaurant.Domain.csproj", "{236604A6-6ACD-49C8-8B14-1470B6322E23}"
EndProject
Project("{FAE04EC0-301F-11D3-BF4B-00C04F79EFBC}") = "MesVaurant.Persistence", "MesVaurant.Persistence\MesVaurant.Persistence.csproj", "{BCF80CDB-5898-44A4-9FB5-12E3358C860B}"
EndProject
Project("{FAE04EC0-301F-11D3-BF4B-00C04F79EFBC}") = "MesVaurant.Shared", "MesVaurant.Shared\MesVaurant.Shared.csproj", "{3ACCA194-716E-4949-9D1F-AF6FCCAD7D4E}"
EndProject
Project("{FAE04EC0-301F-11D3-BF4B-00C04F79EFBC}") = "MesVaurant.Infrastructure", "MesVaurant.Infrastructure\MesVaurant.Infrastructure.csproj", "{9821123E-8E4B-46F0-8757-BFFECD0B8336}"
EndProject
Project("{FAE04EC0-301F-11D3-BF4B-00C04F79EFBC}") = "MesVaurant.Application", "MesVaurant.Application\MesVaurant.Application.csproj", "{4B162681-0A8B-45AF-A2DA-71420C3F9A91}"
EndProject
Global
	GlobalSection(SolutionConfigurationPlatforms) = preSolution
		Debug|Any CPU = Debug|Any CPU
		Debug|x64 = Debug|x64
		Debug|x86 = Debug|x86
		Release|Any CPU = Release|Any CPU
		Release|x64 = Release|x64
		Release|x86 = Release|x86
	EndGlobalSection
	GlobalSection(ProjectConfigurationPlatforms) = postSolution
		{DD004C3E-B38A-41FB-B057-53841013B03A}.Debug|Any CPU.ActiveCfg = Debug|Any CPU
		{DD004C3E-B38A-41FB-B057-53841013B03A}.Debug|Any CPU.Build.0 = Debug|Any CPU
		{DD004C3E-B38A-41FB-B057-53841013B03A}.Debug|x64.ActiveCfg = Debug|Any CPU
		{DD004C3E-B38A-41FB-B057-53841013B03A}.Debug|x64.Build.0 = Debug|Any CPU
		{DD004C3E-B38A-41FB-B057-53841013B03A}.Debug|x86.ActiveCfg = Debug|Any CPU
		{DD004C3E-B38A-41FB-B057-53841013B03A}.Debug|x86.Build.0 = Debug|Any CPU
		{DD004C3E-B38A-41FB-B057-53841013B03A}.Release|Any CPU.ActiveCfg = Release|Any CPU
		{DD004C3E-B38A-41FB-B057-53841013B03A}.Release|Any CPU.Build.0 = Release|Any CPU
		{DD004C3E-B38A-41FB-B057-53841013B03A}.Release|x64.ActiveCfg = Release|Any CPU
		{DD004C3E-B38A-41FB-B057-53841013B03A}.Release|x64.Build.0 = Release|Any CPU
		{DD004C3E-B38A-41FB-B057-53841013B03A}.Release|x86.ActiveCfg = Release|Any CPU
		{DD004C3E-B38A-41FB-B057-53841013B03A}.Release|x86.Build.0 = Release|Any CPU
		{B391ABA9-6ACE-40A2-A006-C8240799561F}.Debug|Any CPU.ActiveCfg = Debug|Any CPU
		{B391ABA9-6ACE-40A2-A006-C8240799561F}.Debug|Any CPU.Build.0 = Debug|Any CPU
		{B391ABA9-6ACE-40A2-A006-C8240799561F}.Debug|x64.ActiveCfg = Debug|Any CPU
		{B391ABA9-6ACE-40A2-A006-C8240799561F}.Debug|x64.Build.0 = Debug|Any CPU
		{B391ABA9-6ACE-40A2-A006-C8240799561F}.Debug|x86.ActiveCfg = Debug|Any CPU
		{B391ABA9-6ACE-40A2-A006-C8240799561F}.Debug|x86.Build.0 = Debug|Any CPU
		{B391ABA9-6ACE-40A2-A006-C8240799561F}.Release|Any CPU.ActiveCfg = Release|Any CPU
		{B391ABA9-6ACE-40A2-A006-C8240799561F}.Release|Any CPU.Build.0 = Release|Any CPU
		{B391ABA9-6ACE-40A2-A006-C8240799561F}.Release|x64.ActiveCfg = Release|Any CPU
		{B391ABA9-6ACE-40A2-A006-C8240799561F}.Release|x64.Build.0 = Release|Any CPU
		{B391ABA9-6ACE-40A2-A006-C8240799561F}.Release|x86.ActiveCfg = Release|Any CPU
		{B391ABA9-6ACE-40A2-A006-C8240799561F}.Release|x86.Build.0 = Release|Any CPU
		{236604A6-6ACD-49C8-8B14-1470B6322E23}.Debug|Any CPU.ActiveCfg = Debug|Any CPU
		{236604A6-6ACD-49C8-8B14-1470B6322E23}.Debug|Any CPU.Build.0 = Debug|Any CPU
		{236604A6-6ACD-49C8-8B14-1470B6322E23}.Debug|x64.ActiveCfg = Debug|Any CPU
		{236604A6-6ACD-49C8-8B14-1470B6322E23}.Debug|x64.Build.0 = Debug|Any CPU
		{236604A6-6ACD-49C8-8B14-1470B6322E23}.Debug|x86.ActiveCfg = Debug|Any CPU
		{236604A6-6ACD-49C8-8B14-1470B6322E23}.Debug|x86.Build.0 = Debug|Any CPU
		{236604A6-6ACD-49C8-8B14-1470B6322E23}.Release|Any CPU.ActiveCfg = Release|Any CPU
		{236604A6-6ACD-49C8-8B14-1470B6322E23}.Release|Any CPU.Build.0 = Release|Any CPU
		{236604A6-6ACD-49C8-8B14-1470B6322E23}.Release|x64.ActiveCfg = Release|Any CPU
		{236604A6-6ACD-49C8-8B14-1470B6322E23}.Release|x64.Build.0 = Release|Any CPU
		{236604A6-6ACD-49C8-8B14-1470B6322E23}.Release|x86.ActiveCfg = Release|Any CPU
		{236604A6-6ACD-49C8-8B14-1470B6322E23}.Release|x86.Build.0 = Release|Any CPU
		{BCF80CDB-5898-44A4-9FB5-12E3358C860B}.Debug|Any CPU.ActiveCfg = Debug|Any CPU
		{BCF80CDB-5898-44A4-9FB5-12E3358C860B}.Debug|Any CPU.Build.0 = Debug|Any CPU
		{BCF80CDB-5898-44A4-9FB5-12E3358C860B}.Debug|x64.ActiveCfg = Debug|Any CPU
		{BCF80CDB-5898-44A4-9FB5-12E3358C860B}.Debug|x64.Build.0 = Debug|Any CPU
		{BCF80CDB-5898-44A4-9FB5-12E3358C860B}.Debug|x86.ActiveCfg = Debug|Any CPU
		{BCF80CDB-5898-44A4-9FB5-12E3358C860B}.Debug|x86.Build.0 = Debug|Any CPU
		{BCF80CDB-5898-44A4-9FB5-12E3358C860B}.Release|Any CPU.ActiveCfg = Release|Any CPU
		{BCF80CDB-5898-44A4-9FB5-12E3358C860B}.Release|Any CPU.Build.0 = Release|Any CPU
		{BCF80CDB-5898-44A4-9FB5-12E3358C860B}.Release|x64.ActiveCfg = Release|Any CPU
		{BCF80CDB-5898-44A4-9FB5-12E3358C860B}.Release|x64.Build.0 = Release|Any CPU
		{BCF80CDB-5898-44A4-9FB5-12E3358C860B}.Release|x86.ActiveCfg = Release|Any CPU
		{BCF80CDB-5898-44A4-9FB5-12E3358C860B}.Release|x86.Build.0 = Release|Any CPU
		{3ACCA194-716E-4949-9D1F-AF6FCCAD7D4E}.Debug|Any CPU.ActiveCfg = Debug|Any CPU
		{3ACCA194-716E-4949-9D1F-AF6FCCAD7D4E}.Debug|Any CPU.Build.0 = Debug|Any CPU
		{3ACCA194-716E-4949-9D1F-AF6FCCAD7D4E}.Debug|x64.ActiveCfg = Debug|Any CPU
		{3ACCA194-716E-4949-9D1F-AF6FCCAD7D4E}.Debug|x64.Build.0 = Debug|Any CPU
		{3ACCA194-716E-4949-9D1F-AF6FCCAD7D4E}.Debug|x86.ActiveCfg = Debug|Any CPU
		{3ACCA194-716E-4949-9D1F-AF6FCCAD7D4E}.Debug|x86.Build.0 = Debug|Any CPU
		{3ACCA194-716E-4949-9D1F-AF6FCCAD7D4E}.Release|Any CPU.ActiveCfg = Release|Any CPU
		{3ACCA194-716E-4949-9D1F-AF6FCCAD7D4E}.Release|Any CPU.Build.0 = Release|Any CPU
		{3ACCA194-716E-4949-9D1F-AF6FCCAD7D4E}.Release|x64.ActiveCfg = Release|Any CPU
		{3ACCA194-716E-4949-9D1F-AF6FCCAD7D4E}.Release|x64.Build.0 = Release|Any CPU
		{3ACCA194-716E-4949-9D1F-AF6FCCAD7D4E}.Release|x86.ActiveCfg = Release|Any CPU
		{3ACCA194-716E-4949-9D1F-AF6FCCAD7D4E}.Release|x86.Build.0 = Release|Any CPU
		{9821123E-8E4B-46F0-8757-BFFECD0B8336}.Debug|Any CPU.ActiveCfg = Debug|Any CPU
		{9821123E-8E4B-46F0-8757-BFFECD0B8336}.Debug|Any CPU.Build.0 = Debug|Any CPU
		{9821123E-8E4B-46F0-8757-BFFECD0B8336}.Debug|x64.ActiveCfg = Debug|Any CPU
		{9821123E-8E4B-46F0-8757-BFFECD0B8336}.Debug|x64.Build.0 = Debug|Any CPU
		{9821123E-8E4B-46F0-8757-BFFECD0B8336}.Debug|x86.ActiveCfg = Debug|Any CPU
		{9821123E-8E4B-46F0-8757-BFFECD0B8336}.Debug|x86.Build.0 = Debug|Any CPU
		{9821123E-8E4B-46F0-8757-BFFECD0B8336}.Release|Any CPU.ActiveCfg = Release|Any CPU
		{9821123E-8E4B-46F0-8757-BFFECD0B8336}.Release|Any CPU.Build.0 = Release|Any CPU
		{9821123E-8E4B-46F0-8757-BFFECD0B8336}.Release|x64.ActiveCfg = Release|Any CPU
		{9821123E-8E4B-46F0-8757-BFFECD0B8336}.Release|x64.Build.0 = Release|Any CPU
		{9821123E-8E4B-46F0-8757-BFFECD0B8336}.Release|x86.ActiveCfg = Release|Any CPU
		{9821123E-8E4B-46F0-8757-BFFECD0B8336}.Release|x86.Build.0 = Release|Any CPU
		{4B162681-0A8B-45AF-A2DA-71420C3F9A91}.Debug|Any CPU.ActiveCfg = Debug|Any CPU
		{4B162681-0A8B-45AF-A2DA-71420C3F9A91}.Debug|Any CPU.Build.0 = Debug|Any CPU
		{4B162681-0A8B-45AF-A2DA-71420C3F9A91}.Debug|x64.ActiveCfg = Debug|Any CPU
		{4B162681-0A8B-45AF-A2DA-71420C3F9A91}.Debug|x64.Build.0 = Debug|Any CPU
		{4B162681-0A8B-45AF-A2DA-71420C3F9A91}.Debug|x86.ActiveCfg = Debug|Any CPU
		{4B162681-0A8B-45AF-A2DA-71420C3F9A91}.Debug|x86.Build.0 = Debug|Any CPU
		{4B162681-0A8B-45AF-A2DA-71420C3F9A91}.Release|Any CPU.ActiveCfg = Release|Any CPU
		{4B162681-0A8B-45AF-A2DA-71420C3F9A91}.Release|Any CPU.Build.0 = Release|Any CPU
		{4B162681-0A8B-45AF-A2DA-71420C3F9A91}.Release|x64.ActiveCfg = Release|Any CPU
		{4B162681-0A8B-45AF-A2DA-71420C3F9A91}.Release|x64.Build.0 = Release|Any CPU
		{4B162681-0A8B-45AF-A2DA-71420C3F9A91}.Release|x86.ActiveCfg = Release|Any CPU
		{4B162681-0A8B-45AF-A2DA-71420C3F9A91}.Release|x86.Build.0 = Release|Any CPU
	EndGlobalSection
	GlobalSection(SolutionProperties) = preSolution
		HideSolutionNode = FALSE
	EndGlobalSection
EndGlobal
